
Microsoft Visual Studio Solution File, Format Version 12.00
# Visual Studio Version 17
VisualStudioVersion = 17.0.31903.59
MinimumVisualStudioVersion = 10.0.40219.1
Project("{2150E333-8FDC-42A3-9474-1A3956D46DE8}") = "src", "src", "{1A947734-9CB6-4C6F-B3EC-E391627300EF}"
EndProject
Project("{FAE04EC0-301F-11D3-BF4B-00C04F79EFBC}") = "AuctionService", "src\AuctionService\AuctionService.csproj", "{2ADE1951-983C-4842-B001-D5B083B21A31}"
EndProject
Project("{FAE04EC0-301F-11D3-BF4B-00C04F79EFBC}") = "SearchService", "src\SearchService\SearchService.csproj", "{22D19956-3EDF-422E-B19B-2EBBBA25E2AB}"
EndProject
Project("{FAE04EC0-301F-11D3-BF4B-00C04F79EFBC}") = "Contracts", "src\Contracts\Contracts.csproj", "{0BA4925B-645A-498E-9D75-E88DE3C9C33A}"
EndProject
Global
	GlobalSection(SolutionConfigurationPlatforms) = preSolution
		Debug|Any CPU = Debug|Any CPU
		Release|Any CPU = Release|Any CPU
	EndGlobalSection
	GlobalSection(SolutionProperties) = preSolution
		HideSolutionNode = FALSE
	EndGlobalSection
	GlobalSection(ProjectConfigurationPlatforms) = postSolution
		{2ADE1951-983C-4842-B001-D5B083B21A31}.Debug|Any CPU.ActiveCfg = Debug|Any CPU
		{2ADE1951-983C-4842-B001-D5B083B21A31}.Debug|Any CPU.Build.0 = Debug|Any CPU
		{2ADE1951-983C-4842-B001-D5B083B21A31}.Release|Any CPU.ActiveCfg = Release|Any CPU
		{2ADE1951-983C-4842-B001-D5B083B21A31}.Release|Any CPU.Build.0 = Release|Any CPU
		{22D19956-3EDF-422E-B19B-2EBBBA25E2AB}.Debug|Any CPU.ActiveCfg = Debug|Any CPU
		{22D19956-3EDF-422E-B19B-2EBBBA25E2AB}.Debug|Any CPU.Build.0 = Debug|Any CPU
		{22D19956-3EDF-422E-B19B-2EBBBA25E2AB}.Release|Any CPU.ActiveCfg = Release|Any CPU
		{22D19956-3EDF-422E-B19B-2EBBBA25E2AB}.Release|Any CPU.Build.0 = Release|Any CPU
		{0BA4925B-645A-498E-9D75-E88DE3C9C33A}.Debug|Any CPU.ActiveCfg = Debug|Any CPU
		{0BA4925B-645A-498E-9D75-E88DE3C9C33A}.Debug|Any CPU.Build.0 = Debug|Any CPU
		{0BA4925B-645A-498E-9D75-E88DE3C9C33A}.Release|Any CPU.ActiveCfg = Release|Any CPU
		{0BA4925B-645A-498E-9D75-E88DE3C9C33A}.Release|Any CPU.Build.0 = Release|Any CPU
	EndGlobalSection
	GlobalSection(NestedProjects) = preSolution
		{2ADE1951-983C-4842-B001-D5B083B21A31} = {1A947734-9CB6-4C6F-B3EC-E391627300EF}
		{22D19956-3EDF-422E-B19B-2EBBBA25E2AB} = {1A947734-9CB6-4C6F-B3EC-E391627300EF}
		{0BA4925B-645A-498E-9D75-E88DE3C9C33A} = {1A947734-9CB6-4C6F-B3EC-E391627300EF}
	EndGlobalSection
EndGlobal
